
Microsoft Visual Studio Solution File, Format Version 11.00
# Visual Studio 2010
Project("{FAE04EC0-301F-11D3-BF4B-00C04F79EFBC}") = "Assembly-CSharp", "Assembly-CSharp.csproj", "{781F4339-7DD8-ACEE-D973-546097DAF1E7}"
EndProject
Project("{FAE04EC0-301F-11D3-BF4B-00C04F79EFBC}") = "Assembly-CSharp-Editor", "Assembly-CSharp-Editor.csproj", "{F9383CDA-E1EA-9521-F7E7-0730F13BDC61}"
EndProject
Global
	GlobalSection(SolutionConfigurationPlatforms) = preSolution
		Debug|Any CPU = Debug|Any CPU
		Release|Any CPU = Release|Any CPU
	EndGlobalSection
	GlobalSection(ProjectConfigurationPlatforms) = postSolution
		{781F4339-7DD8-ACEE-D973-546097DAF1E7}.Debug|Any CPU.ActiveCfg = Debug|Any CPU
		{781F4339-7DD8-ACEE-D973-546097DAF1E7}.Debug|Any CPU.Build.0 = Debug|Any CPU
		{781F4339-7DD8-ACEE-D973-546097DAF1E7}.Release|Any CPU.ActiveCfg = Release|Any CPU
		{781F4339-7DD8-ACEE-D973-546097DAF1E7}.Release|Any CPU.Build.0 = Release|Any CPU
		{F9383CDA-E1EA-9521-F7E7-0730F13BDC61}.Debug|Any CPU.ActiveCfg = Debug|Any CPU
		{F9383CDA-E1EA-9521-F7E7-0730F13BDC61}.Debug|Any CPU.Build.0 = Debug|Any CPU
		{F9383CDA-E1EA-9521-F7E7-0730F13BDC61}.Release|Any CPU.ActiveCfg = Release|Any CPU
		{F9383CDA-E1EA-9521-F7E7-0730F13BDC61}.Release|Any CPU.Build.0 = Release|Any CPU
	EndGlobalSection
	GlobalSection(SolutionProperties) = preSolution
		HideSolutionNode = FALSE
	EndGlobalSection
	GlobalSection(MonoDevelopProperties) = preSolution
		StartupItem = Assembly-CSharp.csproj
	EndGlobalSection
EndGlobal
