
Microsoft Visual Studio Solution File, Format Version 12.00
# Visual Studio 15
Project("{FAE04EC0-301F-11D3-BF4B-00C04F79EFBC}") = "Assembly-CSharp", "Assembly-CSharp.csproj", "{AC921EF7-D682-A16B-A61F-0EC710E5F155}"
EndProject
Project("{FAE04EC0-301F-11D3-BF4B-00C04F79EFBC}") = "Assembly-CSharp-Editor", "Assembly-CSharp-Editor.csproj", "{5C3130DC-597C-21D9-0F70-DD37B1EFA4F3}"
EndProject
Global
	GlobalSection(SolutionConfigurationPlatforms) = preSolution
		Debug|Any CPU = Debug|Any CPU
		Release|Any CPU = Release|Any CPU
	EndGlobalSection
	GlobalSection(ProjectConfigurationPlatforms) = postSolution
		{AC921EF7-D682-A16B-A61F-0EC710E5F155}.Debug|Any CPU.ActiveCfg = Debug|Any CPU
		{AC921EF7-D682-A16B-A61F-0EC710E5F155}.Debug|Any CPU.Build.0 = Debug|Any CPU
		{AC921EF7-D682-A16B-A61F-0EC710E5F155}.Release|Any CPU.ActiveCfg = Release|Any CPU
		{AC921EF7-D682-A16B-A61F-0EC710E5F155}.Release|Any CPU.Build.0 = Release|Any CPU
		{5C3130DC-597C-21D9-0F70-DD37B1EFA4F3}.Debug|Any CPU.ActiveCfg = Debug|Any CPU
		{5C3130DC-597C-21D9-0F70-DD37B1EFA4F3}.Debug|Any CPU.Build.0 = Debug|Any CPU
		{5C3130DC-597C-21D9-0F70-DD37B1EFA4F3}.Release|Any CPU.ActiveCfg = Release|Any CPU
		{5C3130DC-597C-21D9-0F70-DD37B1EFA4F3}.Release|Any CPU.Build.0 = Release|Any CPU
	EndGlobalSection
	GlobalSection(SolutionProperties) = preSolution
		HideSolutionNode = FALSE
	EndGlobalSection
EndGlobal
